
Microsoft Visual Studio Solution File, Format Version 12.00
# Visual Studio 15
VisualStudioVersion = 15.0.26403.0
MinimumVisualStudioVersion = 10.0.40219.1
Project("{FAE04EC0-301F-11D3-BF4B-00C04F79EFBC}") = "ActivationService", "ActivationService\ActivationService.csproj", "{75998EFB-2C47-4036-BF26-55AA0140A448}"
EndProject
Project("{FAE04EC0-301F-11D3-BF4B-00C04F79EFBC}") = "DAL", "DAL\DAL.csproj", "{538B01B6-3A87-434F-87B9-4951C28BFE9C}"
EndProject
Project("{FAE04EC0-301F-11D3-BF4B-00C04F79EFBC}") = "Common", "Common\Common.csproj", "{9C32CDD2-05CB-40DA-A4F7-2A22AECC45CB}"
EndProject
Project("{FAE04EC0-301F-11D3-BF4B-00C04F79EFBC}") = "SyncingService", "SyncingService\SyncingService.csproj", "{99C2E125-D3E2-4B46-8C0E-FEA2EFD959BD}"
EndProject
Project("{FAE04EC0-301F-11D3-BF4B-00C04F79EFBC}") = "LibNeeo", "LibNeeo\LibNeeo.csproj", "{7F87B015-7B43-4C6D-95CE-779750A1337C}"
EndProject
Project("{FAE04EC0-301F-11D3-BF4B-00C04F79EFBC}") = "TestProject", "TestProject\TestProject.csproj", "{95F1F730-FEDC-4524-93FA-911320298C4D}"
EndProject
Project("{00D1A9C2-B5F0-4AF3-8072-F6C62B433612}") = "NeeoCustomSQLStoredProcedures", "NeeoCustomSQLStoredProcedure\NeeoCustomSQLStoredProcedures.sqlproj", "{A0718067-FE5A-4298-B2A2-02207FFE619D}"
EndProject
Project("{FAE04EC0-301F-11D3-BF4B-00C04F79EFBC}") = "FileSharingService", "FileSharingService\FileSharingService.csproj", "{F389A044-0668-4F2E-8883-DB1014A61552}"
EndProject
Project("{FAE04EC0-301F-11D3-BF4B-00C04F79EFBC}") = "FileStore", "FileStore\FileStore.csproj", "{1CA8E84D-F5F7-4455-BA40-B43A6528D780}"
EndProject
Project("{FAE04EC0-301F-11D3-BF4B-00C04F79EFBC}") = "Logger", "Logger\Logger.csproj", "{DAA1F017-A112-4068-A816-6A4B1DBEC8B7}"
EndProject
Project("{7CF6DF6D-3B04-46F8-A40B-537D21BCA0B4}") = "NeeoServicesDocumentation", "NeeoServicesDocumentation\NeeoServicesDocumentation.shfbproj", "{477971AE-47EC-4799-BF68-E89BDB713319}"
EndProject
Project("{FAE04EC0-301F-11D3-BF4B-00C04F79EFBC}") = "Neeo.Nexmo.Api", "Nexmo\Neeo.Nexmo.Api.csproj", "{20A30B09-D535-43C2-BE88-14AD4F1B5A4B}"
EndProject
Project("{FAE04EC0-301F-11D3-BF4B-00C04F79EFBC}") = "NotificationServiceWebApi", "NotificationServiceWebApi\NotificationServiceWebApi.csproj", "{9B5E69CE-44F9-429E-B127-B8CB2EEA7CA7}"
EndProject
Project("{FAE04EC0-301F-11D3-BF4B-00C04F79EFBC}") = "MCRService", "MCRService\MCRService.csproj", "{3076B9F8-83F2-4011-A8F3-86EB78742CB4}"
EndProject
Project("{FAE04EC0-301F-11D3-BF4B-00C04F79EFBC}") = "SettingsService", "SettingService\SettingsService.csproj", "{6B03D20D-DCA7-4D36-ADE6-5B98F89640D6}"
EndProject
Project("{FAE04EC0-301F-11D3-BF4B-00C04F79EFBC}") = "UtilityService", "UtilityService\UtilityService.csproj", "{693F5964-8D9C-4090-8707-38A6012BA4C3}"
EndProject
Project("{2150E333-8FDC-42A3-9474-1A3956D46DE8}") = "PowerfulPal.Neeo.APIs", "PowerfulPal.Neeo.APIs", "{ED084F0C-389E-46A7-AFAB-7ED3E73532C8}"
EndProject
Project("{2150E333-8FDC-42A3-9474-1A3956D46DE8}") = "PowerfulPal.Neeo.DataAccessLayer", "PowerfulPal.Neeo.DataAccessLayer", "{FA6804B1-640F-46D8-9ADF-3B946427F26C}"
EndProject
Project("{2150E333-8FDC-42A3-9474-1A3956D46DE8}") = "PowerfulPal.Neeo.FileStore", "PowerfulPal.Neeo.FileStore", "{6558314C-45F6-4CB0-A40E-DB013A2E9184}"
EndProject
Project("{2150E333-8FDC-42A3-9474-1A3956D46DE8}") = "PowerfulPal.Neeo.Test", "PowerfulPal.Neeo.Test", "{146CFB72-459D-4596-8951-7FA1E5697533}"
EndProject
Project("{2150E333-8FDC-42A3-9474-1A3956D46DE8}") = "PowerfulPal.Neeo.Documentation", "PowerfulPal.Neeo.Documentation", "{9B070BAE-42AD-4F6D-8E95-8C17941FC51F}"
EndProject
Project("{2150E333-8FDC-42A3-9474-1A3956D46DE8}") = "PowerfulPal.Neeo.Libraries", "PowerfulPal.Neeo.Libraries", "{49B6A7AB-3EF7-42A7-A9A3-387359D8CFA4}"
EndProject
Project("{FAE04EC0-301F-11D3-BF4B-00C04F79EFBC}") = "SyncApi", "SyncApi\SyncApi.csproj", "{43E6B56A-7D08-4709-9A37-F5D2ACB127D9}"
EndProject
Project("{2150E333-8FDC-42A3-9474-1A3956D46DE8}") = "PowerfulPal.Neeo.Windows", "PowerfulPal.Neeo.Windows", "{26E003C6-8226-4FBC-ABFD-B7BF393CE55D}"
EndProject
Project("{FAE04EC0-301F-11D3-BF4B-00C04F79EFBC}") = "NeeoPushNotificationService", "NeeoPushNotificationService\NeeoPushNotificationService.csproj", "{B0CF1BC9-3349-4B76-80AB-279654F84ECE}"
EndProject
Project("{6141683F-8A12-4E36-9623-2EB02B2C2303}") = "NeeoPNSvcSetup", "NeeoPNSvcSetup\NeeoPNSvcSetup.isproj", "{BE3FDB5A-4214-4EAE-82D7-E03802BA6E0D}"
EndProject
Project("{2150E333-8FDC-42A3-9474-1A3956D46DE8}") = "Notification Service", "Notification Service", "{0E0F1553-1B39-413E-8B92-9D8C29F41D41}"
EndProject
Project("{2150E333-8FDC-42A3-9474-1A3956D46DE8}") = "File Cleanup Service", "File Cleanup Service", "{F8E7B4EF-A6B6-4C07-B914-A6659427FB8E}"
EndProject
Project("{FAE04EC0-301F-11D3-BF4B-00C04F79EFBC}") = "NeeoFileCleanupService", "NeeoFileCleanupService\NeeoFileCleanupService.csproj", "{7DEEAD35-67A1-45ED-87DB-FC6E7EDE2495}"
EndProject
Project("{FAE04EC0-301F-11D3-BF4B-00C04F79EFBC}") = "PowerfulPal.Sms", "PowerfulPal.Sms\PowerfulPal.Sms.csproj", "{44D42A9C-8C45-464E-958A-4827541811B3}"
EndProject
Project("{FAE04EC0-301F-11D3-BF4B-00C04F79EFBC}") = "CmSmsGateway.Api", "CmSmsGateway.Api\CmSmsGateway.Api.csproj", "{60D4A169-8847-438B-B008-F188354CB922}"
EndProject
Project("{FAE04EC0-301F-11D3-BF4B-00C04F79EFBC}") = "FileStoreApi", "FileStoreApi\FileStoreApi.csproj", "{8B76897B-68C7-4BFB-8109-A080246EC501}"
EndProject
Project("{2150E333-8FDC-42A3-9474-1A3956D46DE8}") = "PowerfulPal.Sms", "PowerfulPal.Sms", "{30719D18-E9B8-4883-8256-7B99B092775B}"
EndProject
Project("{2150E333-8FDC-42A3-9474-1A3956D46DE8}") = "PowerfulPal.Logger", "PowerfulPal.Logger", "{F10EBDDC-44D4-4D2B-8B88-A85F044A3691}"
EndProject
Project("{2150E333-8FDC-42A3-9474-1A3956D46DE8}") = "PowerfulPal.Common", "PowerfulPal.Common", "{ADA3C46D-D65F-4C7F-A5F8-E88C0B310FCD}"
EndProject
Project("{2150E333-8FDC-42A3-9474-1A3956D46DE8}") = "PowerfulPal.NeeoCore", "PowerfulPal.NeeoCore", "{E26D85A0-4AE8-4866-8BE8-930C104E263F}"
EndProject
Project("{2150E333-8FDC-42A3-9474-1A3956D46DE8}") = "PowerfulPal.Neeo.ActivationApi", "PowerfulPal.Neeo.ActivationApi", "{F15BDE61-B693-4235-A2C3-772917419B7E}"
EndProject
Project("{2150E333-8FDC-42A3-9474-1A3956D46DE8}") = "PowerfulPal.Neeo.FileStoreApi", "PowerfulPal.Neeo.FileStoreApi", "{43FE6696-67F1-4D3B-B390-F57BCC5293E0}"
EndProject
Project("{2150E333-8FDC-42A3-9474-1A3956D46DE8}") = "PowerfulPal.Neeo.SyncApi", "PowerfulPal.Neeo.SyncApi", "{DEA4BF49-EF5F-4225-903D-4B1241BEE1D0}"
EndProject
Project("{2150E333-8FDC-42A3-9474-1A3956D46DE8}") = "PowerfulPal.Neeo.McrApi", "PowerfulPal.Neeo.McrApi", "{630CFF4A-EDD4-4CD8-A518-E1EE7737A58B}"
EndProject
Project("{2150E333-8FDC-42A3-9474-1A3956D46DE8}") = "PowerfulPal.Neeo.SettingApi", "PowerfulPal.Neeo.SettingApi", "{FE767CED-FBF6-4F33-AC2F-6B3FA9F68BFB}"
EndProject
Project("{2150E333-8FDC-42A3-9474-1A3956D46DE8}") = "PowerfulPal.Neeo.UtilityApi", "PowerfulPal.Neeo.UtilityApi", "{26F8139A-D62A-4425-B9C9-D81CEE8AFC3B}"
EndProject
Project("{2150E333-8FDC-42A3-9474-1A3956D46DE8}") = "PowerfulPal.Neeo.NotificationApi", "PowerfulPal.Neeo.NotificationApi", "{986C34EB-A1A1-4D9E-AAE9-BE97EF94B826}"
EndProject
Project("{FAE04EC0-301F-11D3-BF4B-00C04F79EFBC}") = "FileStoreApp", "FileStoreApp\FileStoreApp.csproj", "{6B26D322-C134-48D0-A214-4F29B067FDA7}"
EndProject
Project("{FAE04EC0-301F-11D3-BF4B-00C04F79EFBC}") = "PowerfulPal.Neeo.VoipApi", "PowerfulPal.Neeo.VoipApi\PowerfulPal.Neeo.VoipApi.csproj", "{7C73E652-890C-4E55-A55E-C4F4F4E9B253}"
EndProject
Project("{FAE04EC0-301F-11D3-BF4B-00C04F79EFBC}") = "PowerfulPal.Neeo.AdministrationApi", "PowerfulPal.Neeo.AdministrationApi\PowerfulPal.Neeo.AdministrationApi.csproj", "{3A33B003-AD56-4DDF-A04E-594B7021338E}"
EndProject
Project("{2150E333-8FDC-42A3-9474-1A3956D46DE8}") = "PowerfulPal.Notification", "PowerfulPal.Notification", "{45932ECB-F1F5-4F7B-ACB0-4B13B799BA95}"
EndProject
Project("{FAE04EC0-301F-11D3-BF4B-00C04F79EFBC}") = "Pushy.Api", "Pushy.Api\Pushy.Api.csproj", "{A9590B7E-1F18-4DD6-A9E6-9B5E56C6E8BB}"
EndProject
Project("{FAE04EC0-301F-11D3-BF4B-00C04F79EFBC}") = "PowerfulPal.Neeo.TranslationApi", "PowerfulPal.Neeo.TranslationApi\PowerfulPal.Neeo.TranslationApi.csproj", "{5CBB9DF6-E2C4-4703-8707-2628AC3B5726}"
EndProject
Project("{2150E333-8FDC-42A3-9474-1A3956D46DE8}") = "NearByMeApi", "NearByMeApi", "{0DB81C9D-0DED-49A1-8E54-9A76127BFD79}"
EndProject
Project("{FAE04EC0-301F-11D3-BF4B-00C04F79EFBC}") = "PowerfulPal.Neeo.NearByMeApi", "NearByMeApi\PowerfulPal.Neeo.NearByMeApi.csproj", "{7F51F2AC-0906-4362-9E70-243C15B6D2AA}"
EndProject
Global
	GlobalSection(SolutionConfigurationPlatforms) = preSolution
		CD_ROM|Any CPU = CD_ROM|Any CPU
		Debug|Any CPU = Debug|Any CPU
		DVD-5|Any CPU = DVD-5|Any CPU
		Release|Any CPU = Release|Any CPU
		SingleImage|Any CPU = SingleImage|Any CPU
	EndGlobalSection
	GlobalSection(ProjectConfigurationPlatforms) = postSolution
		{75998EFB-2C47-4036-BF26-55AA0140A448}.CD_ROM|Any CPU.ActiveCfg = Release|Any CPU
		{75998EFB-2C47-4036-BF26-55AA0140A448}.CD_ROM|Any CPU.Build.0 = Release|Any CPU
		{75998EFB-2C47-4036-BF26-55AA0140A448}.Debug|Any CPU.ActiveCfg = Debug|Any CPU
		{75998EFB-2C47-4036-BF26-55AA0140A448}.Debug|Any CPU.Build.0 = Debug|Any CPU
		{75998EFB-2C47-4036-BF26-55AA0140A448}.DVD-5|Any CPU.ActiveCfg = Debug|Any CPU
		{75998EFB-2C47-4036-BF26-55AA0140A448}.DVD-5|Any CPU.Build.0 = Debug|Any CPU
		{75998EFB-2C47-4036-BF26-55AA0140A448}.Release|Any CPU.ActiveCfg = Release|Any CPU
		{75998EFB-2C47-4036-BF26-55AA0140A448}.Release|Any CPU.Build.0 = Release|Any CPU
		{75998EFB-2C47-4036-BF26-55AA0140A448}.SingleImage|Any CPU.ActiveCfg = Release|Any CPU
		{75998EFB-2C47-4036-BF26-55AA0140A448}.SingleImage|Any CPU.Build.0 = Release|Any CPU
		{538B01B6-3A87-434F-87B9-4951C28BFE9C}.CD_ROM|Any CPU.ActiveCfg = Release|Any CPU
		{538B01B6-3A87-434F-87B9-4951C28BFE9C}.CD_ROM|Any CPU.Build.0 = Release|Any CPU
		{538B01B6-3A87-434F-87B9-4951C28BFE9C}.Debug|Any CPU.ActiveCfg = Debug|Any CPU
		{538B01B6-3A87-434F-87B9-4951C28BFE9C}.Debug|Any CPU.Build.0 = Debug|Any CPU
		{538B01B6-3A87-434F-87B9-4951C28BFE9C}.DVD-5|Any CPU.ActiveCfg = Debug|Any CPU
		{538B01B6-3A87-434F-87B9-4951C28BFE9C}.DVD-5|Any CPU.Build.0 = Debug|Any CPU
		{538B01B6-3A87-434F-87B9-4951C28BFE9C}.Release|Any CPU.ActiveCfg = Release|Any CPU
		{538B01B6-3A87-434F-87B9-4951C28BFE9C}.Release|Any CPU.Build.0 = Release|Any CPU
		{538B01B6-3A87-434F-87B9-4951C28BFE9C}.SingleImage|Any CPU.ActiveCfg = Release|Any CPU
		{538B01B6-3A87-434F-87B9-4951C28BFE9C}.SingleImage|Any CPU.Build.0 = Release|Any CPU
		{9C32CDD2-05CB-40DA-A4F7-2A22AECC45CB}.CD_ROM|Any CPU.ActiveCfg = Release|Any CPU
		{9C32CDD2-05CB-40DA-A4F7-2A22AECC45CB}.CD_ROM|Any CPU.Build.0 = Release|Any CPU
		{9C32CDD2-05CB-40DA-A4F7-2A22AECC45CB}.Debug|Any CPU.ActiveCfg = Debug|Any CPU
		{9C32CDD2-05CB-40DA-A4F7-2A22AECC45CB}.Debug|Any CPU.Build.0 = Debug|Any CPU
		{9C32CDD2-05CB-40DA-A4F7-2A22AECC45CB}.DVD-5|Any CPU.ActiveCfg = Debug|Any CPU
		{9C32CDD2-05CB-40DA-A4F7-2A22AECC45CB}.DVD-5|Any CPU.Build.0 = Debug|Any CPU
		{9C32CDD2-05CB-40DA-A4F7-2A22AECC45CB}.Release|Any CPU.ActiveCfg = Release|Any CPU
		{9C32CDD2-05CB-40DA-A4F7-2A22AECC45CB}.Release|Any CPU.Build.0 = Release|Any CPU
		{9C32CDD2-05CB-40DA-A4F7-2A22AECC45CB}.SingleImage|Any CPU.ActiveCfg = Release|Any CPU
		{9C32CDD2-05CB-40DA-A4F7-2A22AECC45CB}.SingleImage|Any CPU.Build.0 = Release|Any CPU
		{99C2E125-D3E2-4B46-8C0E-FEA2EFD959BD}.CD_ROM|Any CPU.ActiveCfg = Release|Any CPU
		{99C2E125-D3E2-4B46-8C0E-FEA2EFD959BD}.CD_ROM|Any CPU.Build.0 = Release|Any CPU
		{99C2E125-D3E2-4B46-8C0E-FEA2EFD959BD}.Debug|Any CPU.ActiveCfg = Debug|Any CPU
		{99C2E125-D3E2-4B46-8C0E-FEA2EFD959BD}.Debug|Any CPU.Build.0 = Debug|Any CPU
		{99C2E125-D3E2-4B46-8C0E-FEA2EFD959BD}.DVD-5|Any CPU.ActiveCfg = Debug|Any CPU
		{99C2E125-D3E2-4B46-8C0E-FEA2EFD959BD}.DVD-5|Any CPU.Build.0 = Debug|Any CPU
		{99C2E125-D3E2-4B46-8C0E-FEA2EFD959BD}.Release|Any CPU.ActiveCfg = Release|Any CPU
		{99C2E125-D3E2-4B46-8C0E-FEA2EFD959BD}.Release|Any CPU.Build.0 = Release|Any CPU
		{99C2E125-D3E2-4B46-8C0E-FEA2EFD959BD}.SingleImage|Any CPU.ActiveCfg = Release|Any CPU
		{99C2E125-D3E2-4B46-8C0E-FEA2EFD959BD}.SingleImage|Any CPU.Build.0 = Release|Any CPU
		{7F87B015-7B43-4C6D-95CE-779750A1337C}.CD_ROM|Any CPU.ActiveCfg = Release|Any CPU
		{7F87B015-7B43-4C6D-95CE-779750A1337C}.CD_ROM|Any CPU.Build.0 = Release|Any CPU
		{7F87B015-7B43-4C6D-95CE-779750A1337C}.Debug|Any CPU.ActiveCfg = Debug|Any CPU
		{7F87B015-7B43-4C6D-95CE-779750A1337C}.Debug|Any CPU.Build.0 = Debug|Any CPU
		{7F87B015-7B43-4C6D-95CE-779750A1337C}.DVD-5|Any CPU.ActiveCfg = Debug|Any CPU
		{7F87B015-7B43-4C6D-95CE-779750A1337C}.DVD-5|Any CPU.Build.0 = Debug|Any CPU
		{7F87B015-7B43-4C6D-95CE-779750A1337C}.Release|Any CPU.ActiveCfg = Release|Any CPU
		{7F87B015-7B43-4C6D-95CE-779750A1337C}.Release|Any CPU.Build.0 = Release|Any CPU
		{7F87B015-7B43-4C6D-95CE-779750A1337C}.SingleImage|Any CPU.ActiveCfg = Release|Any CPU
		{7F87B015-7B43-4C6D-95CE-779750A1337C}.SingleImage|Any CPU.Build.0 = Release|Any CPU
		{95F1F730-FEDC-4524-93FA-911320298C4D}.CD_ROM|Any CPU.ActiveCfg = Release|Any CPU
		{95F1F730-FEDC-4524-93FA-911320298C4D}.CD_ROM|Any CPU.Build.0 = Release|Any CPU
		{95F1F730-FEDC-4524-93FA-911320298C4D}.Debug|Any CPU.ActiveCfg = Debug|Any CPU
		{95F1F730-FEDC-4524-93FA-911320298C4D}.Debug|Any CPU.Build.0 = Debug|Any CPU
		{95F1F730-FEDC-4524-93FA-911320298C4D}.DVD-5|Any CPU.ActiveCfg = Debug|Any CPU
		{95F1F730-FEDC-4524-93FA-911320298C4D}.DVD-5|Any CPU.Build.0 = Debug|Any CPU
		{95F1F730-FEDC-4524-93FA-911320298C4D}.Release|Any CPU.ActiveCfg = Release|Any CPU
		{95F1F730-FEDC-4524-93FA-911320298C4D}.Release|Any CPU.Build.0 = Release|Any CPU
		{95F1F730-FEDC-4524-93FA-911320298C4D}.SingleImage|Any CPU.ActiveCfg = Release|Any CPU
		{95F1F730-FEDC-4524-93FA-911320298C4D}.SingleImage|Any CPU.Build.0 = Release|Any CPU
		{A0718067-FE5A-4298-B2A2-02207FFE619D}.CD_ROM|Any CPU.ActiveCfg = Release|Any CPU
		{A0718067-FE5A-4298-B2A2-02207FFE619D}.CD_ROM|Any CPU.Build.0 = Release|Any CPU
		{A0718067-FE5A-4298-B2A2-02207FFE619D}.CD_ROM|Any CPU.Deploy.0 = Release|Any CPU
		{A0718067-FE5A-4298-B2A2-02207FFE619D}.Debug|Any CPU.ActiveCfg = Debug|Any CPU
		{A0718067-FE5A-4298-B2A2-02207FFE619D}.Debug|Any CPU.Build.0 = Debug|Any CPU
		{A0718067-FE5A-4298-B2A2-02207FFE619D}.Debug|Any CPU.Deploy.0 = Debug|Any CPU
		{A0718067-FE5A-4298-B2A2-02207FFE619D}.DVD-5|Any CPU.ActiveCfg = Debug|Any CPU
		{A0718067-FE5A-4298-B2A2-02207FFE619D}.DVD-5|Any CPU.Build.0 = Debug|Any CPU
		{A0718067-FE5A-4298-B2A2-02207FFE619D}.DVD-5|Any CPU.Deploy.0 = Debug|Any CPU
		{A0718067-FE5A-4298-B2A2-02207FFE619D}.Release|Any CPU.ActiveCfg = Release|Any CPU
		{A0718067-FE5A-4298-B2A2-02207FFE619D}.Release|Any CPU.Build.0 = Release|Any CPU
		{A0718067-FE5A-4298-B2A2-02207FFE619D}.Release|Any CPU.Deploy.0 = Release|Any CPU
		{A0718067-FE5A-4298-B2A2-02207FFE619D}.SingleImage|Any CPU.ActiveCfg = Release|Any CPU
		{A0718067-FE5A-4298-B2A2-02207FFE619D}.SingleImage|Any CPU.Build.0 = Release|Any CPU
		{A0718067-FE5A-4298-B2A2-02207FFE619D}.SingleImage|Any CPU.Deploy.0 = Release|Any CPU
		{F389A044-0668-4F2E-8883-DB1014A61552}.CD_ROM|Any CPU.ActiveCfg = Release|Any CPU
		{F389A044-0668-4F2E-8883-DB1014A61552}.CD_ROM|Any CPU.Build.0 = Release|Any CPU
		{F389A044-0668-4F2E-8883-DB1014A61552}.Debug|Any CPU.ActiveCfg = Debug|Any CPU
		{F389A044-0668-4F2E-8883-DB1014A61552}.Debug|Any CPU.Build.0 = Debug|Any CPU
		{F389A044-0668-4F2E-8883-DB1014A61552}.DVD-5|Any CPU.ActiveCfg = Debug|Any CPU
		{F389A044-0668-4F2E-8883-DB1014A61552}.DVD-5|Any CPU.Build.0 = Debug|Any CPU
		{F389A044-0668-4F2E-8883-DB1014A61552}.Release|Any CPU.ActiveCfg = Release|Any CPU
		{F389A044-0668-4F2E-8883-DB1014A61552}.Release|Any CPU.Build.0 = Release|Any CPU
		{F389A044-0668-4F2E-8883-DB1014A61552}.SingleImage|Any CPU.ActiveCfg = Release|Any CPU
		{F389A044-0668-4F2E-8883-DB1014A61552}.SingleImage|Any CPU.Build.0 = Release|Any CPU
		{1CA8E84D-F5F7-4455-BA40-B43A6528D780}.CD_ROM|Any CPU.ActiveCfg = Release|Any CPU
		{1CA8E84D-F5F7-4455-BA40-B43A6528D780}.CD_ROM|Any CPU.Build.0 = Release|Any CPU
		{1CA8E84D-F5F7-4455-BA40-B43A6528D780}.Debug|Any CPU.ActiveCfg = Debug|Any CPU
		{1CA8E84D-F5F7-4455-BA40-B43A6528D780}.Debug|Any CPU.Build.0 = Debug|Any CPU
		{1CA8E84D-F5F7-4455-BA40-B43A6528D780}.DVD-5|Any CPU.ActiveCfg = Debug|Any CPU
		{1CA8E84D-F5F7-4455-BA40-B43A6528D780}.DVD-5|Any CPU.Build.0 = Debug|Any CPU
		{1CA8E84D-F5F7-4455-BA40-B43A6528D780}.Release|Any CPU.ActiveCfg = Release|Any CPU
		{1CA8E84D-F5F7-4455-BA40-B43A6528D780}.Release|Any CPU.Build.0 = Release|Any CPU
		{1CA8E84D-F5F7-4455-BA40-B43A6528D780}.SingleImage|Any CPU.ActiveCfg = Release|Any CPU
		{1CA8E84D-F5F7-4455-BA40-B43A6528D780}.SingleImage|Any CPU.Build.0 = Release|Any CPU
		{DAA1F017-A112-4068-A816-6A4B1DBEC8B7}.CD_ROM|Any CPU.ActiveCfg = Release|Any CPU
		{DAA1F017-A112-4068-A816-6A4B1DBEC8B7}.CD_ROM|Any CPU.Build.0 = Release|Any CPU
		{DAA1F017-A112-4068-A816-6A4B1DBEC8B7}.Debug|Any CPU.ActiveCfg = Debug|Any CPU
		{DAA1F017-A112-4068-A816-6A4B1DBEC8B7}.Debug|Any CPU.Build.0 = Debug|Any CPU
		{DAA1F017-A112-4068-A816-6A4B1DBEC8B7}.DVD-5|Any CPU.ActiveCfg = Debug|Any CPU
		{DAA1F017-A112-4068-A816-6A4B1DBEC8B7}.DVD-5|Any CPU.Build.0 = Debug|Any CPU
		{DAA1F017-A112-4068-A816-6A4B1DBEC8B7}.Release|Any CPU.ActiveCfg = Release|Any CPU
		{DAA1F017-A112-4068-A816-6A4B1DBEC8B7}.Release|Any CPU.Build.0 = Release|Any CPU
		{DAA1F017-A112-4068-A816-6A4B1DBEC8B7}.SingleImage|Any CPU.ActiveCfg = Release|Any CPU
		{DAA1F017-A112-4068-A816-6A4B1DBEC8B7}.SingleImage|Any CPU.Build.0 = Release|Any CPU
		{477971AE-47EC-4799-BF68-E89BDB713319}.CD_ROM|Any CPU.ActiveCfg = Release|Any CPU
		{477971AE-47EC-4799-BF68-E89BDB713319}.CD_ROM|Any CPU.Build.0 = Release|Any CPU
		{477971AE-47EC-4799-BF68-E89BDB713319}.Debug|Any CPU.ActiveCfg = Debug|Any CPU
		{477971AE-47EC-4799-BF68-E89BDB713319}.Debug|Any CPU.Build.0 = Debug|Any CPU
		{477971AE-47EC-4799-BF68-E89BDB713319}.DVD-5|Any CPU.ActiveCfg = Debug|Any CPU
		{477971AE-47EC-4799-BF68-E89BDB713319}.DVD-5|Any CPU.Build.0 = Debug|Any CPU
		{477971AE-47EC-4799-BF68-E89BDB713319}.Release|Any CPU.ActiveCfg = Release|Any CPU
		{477971AE-47EC-4799-BF68-E89BDB713319}.Release|Any CPU.Build.0 = Release|Any CPU
		{477971AE-47EC-4799-BF68-E89BDB713319}.SingleImage|Any CPU.ActiveCfg = Release|Any CPU
		{477971AE-47EC-4799-BF68-E89BDB713319}.SingleImage|Any CPU.Build.0 = Release|Any CPU
		{20A30B09-D535-43C2-BE88-14AD4F1B5A4B}.CD_ROM|Any CPU.ActiveCfg = Release|Any CPU
		{20A30B09-D535-43C2-BE88-14AD4F1B5A4B}.CD_ROM|Any CPU.Build.0 = Release|Any CPU
		{20A30B09-D535-43C2-BE88-14AD4F1B5A4B}.Debug|Any CPU.ActiveCfg = Debug|Any CPU
		{20A30B09-D535-43C2-BE88-14AD4F1B5A4B}.Debug|Any CPU.Build.0 = Debug|Any CPU
		{20A30B09-D535-43C2-BE88-14AD4F1B5A4B}.DVD-5|Any CPU.ActiveCfg = Debug|Any CPU
		{20A30B09-D535-43C2-BE88-14AD4F1B5A4B}.DVD-5|Any CPU.Build.0 = Debug|Any CPU
		{20A30B09-D535-43C2-BE88-14AD4F1B5A4B}.Release|Any CPU.ActiveCfg = Release|Any CPU
		{20A30B09-D535-43C2-BE88-14AD4F1B5A4B}.Release|Any CPU.Build.0 = Release|Any CPU
		{20A30B09-D535-43C2-BE88-14AD4F1B5A4B}.SingleImage|Any CPU.ActiveCfg = Release|Any CPU
		{20A30B09-D535-43C2-BE88-14AD4F1B5A4B}.SingleImage|Any CPU.Build.0 = Release|Any CPU
		{9B5E69CE-44F9-429E-B127-B8CB2EEA7CA7}.CD_ROM|Any CPU.ActiveCfg = Release|Any CPU
		{9B5E69CE-44F9-429E-B127-B8CB2EEA7CA7}.CD_ROM|Any CPU.Build.0 = Release|Any CPU
		{9B5E69CE-44F9-429E-B127-B8CB2EEA7CA7}.Debug|Any CPU.ActiveCfg = Debug|Any CPU
		{9B5E69CE-44F9-429E-B127-B8CB2EEA7CA7}.Debug|Any CPU.Build.0 = Debug|Any CPU
		{9B5E69CE-44F9-429E-B127-B8CB2EEA7CA7}.DVD-5|Any CPU.ActiveCfg = Debug|Any CPU
		{9B5E69CE-44F9-429E-B127-B8CB2EEA7CA7}.DVD-5|Any CPU.Build.0 = Debug|Any CPU
		{9B5E69CE-44F9-429E-B127-B8CB2EEA7CA7}.Release|Any CPU.ActiveCfg = Release|Any CPU
		{9B5E69CE-44F9-429E-B127-B8CB2EEA7CA7}.Release|Any CPU.Build.0 = Release|Any CPU
		{9B5E69CE-44F9-429E-B127-B8CB2EEA7CA7}.SingleImage|Any CPU.ActiveCfg = Release|Any CPU
		{9B5E69CE-44F9-429E-B127-B8CB2EEA7CA7}.SingleImage|Any CPU.Build.0 = Release|Any CPU
		{3076B9F8-83F2-4011-A8F3-86EB78742CB4}.CD_ROM|Any CPU.ActiveCfg = Release|Any CPU
		{3076B9F8-83F2-4011-A8F3-86EB78742CB4}.CD_ROM|Any CPU.Build.0 = Release|Any CPU
		{3076B9F8-83F2-4011-A8F3-86EB78742CB4}.Debug|Any CPU.ActiveCfg = Debug|Any CPU
		{3076B9F8-83F2-4011-A8F3-86EB78742CB4}.Debug|Any CPU.Build.0 = Debug|Any CPU
		{3076B9F8-83F2-4011-A8F3-86EB78742CB4}.DVD-5|Any CPU.ActiveCfg = Debug|Any CPU
		{3076B9F8-83F2-4011-A8F3-86EB78742CB4}.DVD-5|Any CPU.Build.0 = Debug|Any CPU
		{3076B9F8-83F2-4011-A8F3-86EB78742CB4}.Release|Any CPU.ActiveCfg = Release|Any CPU
		{3076B9F8-83F2-4011-A8F3-86EB78742CB4}.Release|Any CPU.Build.0 = Release|Any CPU
		{3076B9F8-83F2-4011-A8F3-86EB78742CB4}.SingleImage|Any CPU.ActiveCfg = Release|Any CPU
		{3076B9F8-83F2-4011-A8F3-86EB78742CB4}.SingleImage|Any CPU.Build.0 = Release|Any CPU
		{6B03D20D-DCA7-4D36-ADE6-5B98F89640D6}.CD_ROM|Any CPU.ActiveCfg = Release|Any CPU
		{6B03D20D-DCA7-4D36-ADE6-5B98F89640D6}.CD_ROM|Any CPU.Build.0 = Release|Any CPU
		{6B03D20D-DCA7-4D36-ADE6-5B98F89640D6}.Debug|Any CPU.ActiveCfg = Debug|Any CPU
		{6B03D20D-DCA7-4D36-ADE6-5B98F89640D6}.Debug|Any CPU.Build.0 = Debug|Any CPU
		{6B03D20D-DCA7-4D36-ADE6-5B98F89640D6}.DVD-5|Any CPU.ActiveCfg = Debug|Any CPU
		{6B03D20D-DCA7-4D36-ADE6-5B98F89640D6}.DVD-5|Any CPU.Build.0 = Debug|Any CPU
		{6B03D20D-DCA7-4D36-ADE6-5B98F89640D6}.Release|Any CPU.ActiveCfg = Release|Any CPU
		{6B03D20D-DCA7-4D36-ADE6-5B98F89640D6}.Release|Any CPU.Build.0 = Release|Any CPU
		{6B03D20D-DCA7-4D36-ADE6-5B98F89640D6}.SingleImage|Any CPU.ActiveCfg = Release|Any CPU
		{6B03D20D-DCA7-4D36-ADE6-5B98F89640D6}.SingleImage|Any CPU.Build.0 = Release|Any CPU
		{693F5964-8D9C-4090-8707-38A6012BA4C3}.CD_ROM|Any CPU.ActiveCfg = Release|Any CPU
		{693F5964-8D9C-4090-8707-38A6012BA4C3}.CD_ROM|Any CPU.Build.0 = Release|Any CPU
		{693F5964-8D9C-4090-8707-38A6012BA4C3}.Debug|Any CPU.ActiveCfg = Debug|Any CPU
		{693F5964-8D9C-4090-8707-38A6012BA4C3}.Debug|Any CPU.Build.0 = Debug|Any CPU
		{693F5964-8D9C-4090-8707-38A6012BA4C3}.DVD-5|Any CPU.ActiveCfg = Debug|Any CPU
		{693F5964-8D9C-4090-8707-38A6012BA4C3}.DVD-5|Any CPU.Build.0 = Debug|Any CPU
		{693F5964-8D9C-4090-8707-38A6012BA4C3}.Release|Any CPU.ActiveCfg = Release|Any CPU
		{693F5964-8D9C-4090-8707-38A6012BA4C3}.Release|Any CPU.Build.0 = Release|Any CPU
		{693F5964-8D9C-4090-8707-38A6012BA4C3}.SingleImage|Any CPU.ActiveCfg = Release|Any CPU
		{693F5964-8D9C-4090-8707-38A6012BA4C3}.SingleImage|Any CPU.Build.0 = Release|Any CPU
		{43E6B56A-7D08-4709-9A37-F5D2ACB127D9}.CD_ROM|Any CPU.ActiveCfg = Release|Any CPU
		{43E6B56A-7D08-4709-9A37-F5D2ACB127D9}.CD_ROM|Any CPU.Build.0 = Release|Any CPU
		{43E6B56A-7D08-4709-9A37-F5D2ACB127D9}.Debug|Any CPU.ActiveCfg = Debug|Any CPU
		{43E6B56A-7D08-4709-9A37-F5D2ACB127D9}.Debug|Any CPU.Build.0 = Debug|Any CPU
		{43E6B56A-7D08-4709-9A37-F5D2ACB127D9}.DVD-5|Any CPU.ActiveCfg = Debug|Any CPU
		{43E6B56A-7D08-4709-9A37-F5D2ACB127D9}.DVD-5|Any CPU.Build.0 = Debug|Any CPU
		{43E6B56A-7D08-4709-9A37-F5D2ACB127D9}.Release|Any CPU.ActiveCfg = Release|Any CPU
		{43E6B56A-7D08-4709-9A37-F5D2ACB127D9}.Release|Any CPU.Build.0 = Release|Any CPU
		{43E6B56A-7D08-4709-9A37-F5D2ACB127D9}.SingleImage|Any CPU.ActiveCfg = Release|Any CPU
		{43E6B56A-7D08-4709-9A37-F5D2ACB127D9}.SingleImage|Any CPU.Build.0 = Release|Any CPU
		{B0CF1BC9-3349-4B76-80AB-279654F84ECE}.CD_ROM|Any CPU.ActiveCfg = Release|Any CPU
		{B0CF1BC9-3349-4B76-80AB-279654F84ECE}.CD_ROM|Any CPU.Build.0 = Release|Any CPU
		{B0CF1BC9-3349-4B76-80AB-279654F84ECE}.Debug|Any CPU.ActiveCfg = Debug|Any CPU
		{B0CF1BC9-3349-4B76-80AB-279654F84ECE}.Debug|Any CPU.Build.0 = Debug|Any CPU
		{B0CF1BC9-3349-4B76-80AB-279654F84ECE}.DVD-5|Any CPU.ActiveCfg = Debug|Any CPU
		{B0CF1BC9-3349-4B76-80AB-279654F84ECE}.DVD-5|Any CPU.Build.0 = Debug|Any CPU
		{B0CF1BC9-3349-4B76-80AB-279654F84ECE}.Release|Any CPU.ActiveCfg = Release|Any CPU
		{B0CF1BC9-3349-4B76-80AB-279654F84ECE}.Release|Any CPU.Build.0 = Release|Any CPU
		{B0CF1BC9-3349-4B76-80AB-279654F84ECE}.SingleImage|Any CPU.ActiveCfg = Release|Any CPU
		{B0CF1BC9-3349-4B76-80AB-279654F84ECE}.SingleImage|Any CPU.Build.0 = Release|Any CPU
		{BE3FDB5A-4214-4EAE-82D7-E03802BA6E0D}.CD_ROM|Any CPU.ActiveCfg = CD_ROM
		{BE3FDB5A-4214-4EAE-82D7-E03802BA6E0D}.CD_ROM|Any CPU.Build.0 = CD_ROM
		{BE3FDB5A-4214-4EAE-82D7-E03802BA6E0D}.Debug|Any CPU.ActiveCfg = DVD-5
		{BE3FDB5A-4214-4EAE-82D7-E03802BA6E0D}.Debug|Any CPU.Build.0 = DVD-5
		{BE3FDB5A-4214-4EAE-82D7-E03802BA6E0D}.DVD-5|Any CPU.ActiveCfg = DVD-5
		{BE3FDB5A-4214-4EAE-82D7-E03802BA6E0D}.DVD-5|Any CPU.Build.0 = DVD-5
		{BE3FDB5A-4214-4EAE-82D7-E03802BA6E0D}.Release|Any CPU.ActiveCfg = SingleImage
		{BE3FDB5A-4214-4EAE-82D7-E03802BA6E0D}.Release|Any CPU.Build.0 = SingleImage
		{BE3FDB5A-4214-4EAE-82D7-E03802BA6E0D}.SingleImage|Any CPU.ActiveCfg = SingleImage
		{BE3FDB5A-4214-4EAE-82D7-E03802BA6E0D}.SingleImage|Any CPU.Build.0 = SingleImage
		{7DEEAD35-67A1-45ED-87DB-FC6E7EDE2495}.CD_ROM|Any CPU.ActiveCfg = Release|Any CPU
		{7DEEAD35-67A1-45ED-87DB-FC6E7EDE2495}.CD_ROM|Any CPU.Build.0 = Release|Any CPU
		{7DEEAD35-67A1-45ED-87DB-FC6E7EDE2495}.Debug|Any CPU.ActiveCfg = Debug|Any CPU
		{7DEEAD35-67A1-45ED-87DB-FC6E7EDE2495}.Debug|Any CPU.Build.0 = Debug|Any CPU
		{7DEEAD35-67A1-45ED-87DB-FC6E7EDE2495}.DVD-5|Any CPU.ActiveCfg = Debug|Any CPU
		{7DEEAD35-67A1-45ED-87DB-FC6E7EDE2495}.DVD-5|Any CPU.Build.0 = Debug|Any CPU
		{7DEEAD35-67A1-45ED-87DB-FC6E7EDE2495}.Release|Any CPU.ActiveCfg = Release|Any CPU
		{7DEEAD35-67A1-45ED-87DB-FC6E7EDE2495}.Release|Any CPU.Build.0 = Release|Any CPU
		{7DEEAD35-67A1-45ED-87DB-FC6E7EDE2495}.SingleImage|Any CPU.ActiveCfg = Release|Any CPU
		{7DEEAD35-67A1-45ED-87DB-FC6E7EDE2495}.SingleImage|Any CPU.Build.0 = Release|Any CPU
		{44D42A9C-8C45-464E-958A-4827541811B3}.CD_ROM|Any CPU.ActiveCfg = Release|Any CPU
		{44D42A9C-8C45-464E-958A-4827541811B3}.CD_ROM|Any CPU.Build.0 = Release|Any CPU
		{44D42A9C-8C45-464E-958A-4827541811B3}.Debug|Any CPU.ActiveCfg = Debug|Any CPU
		{44D42A9C-8C45-464E-958A-4827541811B3}.Debug|Any CPU.Build.0 = Debug|Any CPU
		{44D42A9C-8C45-464E-958A-4827541811B3}.DVD-5|Any CPU.ActiveCfg = Debug|Any CPU
		{44D42A9C-8C45-464E-958A-4827541811B3}.DVD-5|Any CPU.Build.0 = Debug|Any CPU
		{44D42A9C-8C45-464E-958A-4827541811B3}.Release|Any CPU.ActiveCfg = Release|Any CPU
		{44D42A9C-8C45-464E-958A-4827541811B3}.Release|Any CPU.Build.0 = Release|Any CPU
		{44D42A9C-8C45-464E-958A-4827541811B3}.SingleImage|Any CPU.ActiveCfg = Release|Any CPU
		{44D42A9C-8C45-464E-958A-4827541811B3}.SingleImage|Any CPU.Build.0 = Release|Any CPU
		{60D4A169-8847-438B-B008-F188354CB922}.CD_ROM|Any CPU.ActiveCfg = Release|Any CPU
		{60D4A169-8847-438B-B008-F188354CB922}.CD_ROM|Any CPU.Build.0 = Release|Any CPU
		{60D4A169-8847-438B-B008-F188354CB922}.Debug|Any CPU.ActiveCfg = Debug|Any CPU
		{60D4A169-8847-438B-B008-F188354CB922}.Debug|Any CPU.Build.0 = Debug|Any CPU
		{60D4A169-8847-438B-B008-F188354CB922}.DVD-5|Any CPU.ActiveCfg = Debug|Any CPU
		{60D4A169-8847-438B-B008-F188354CB922}.DVD-5|Any CPU.Build.0 = Debug|Any CPU
		{60D4A169-8847-438B-B008-F188354CB922}.Release|Any CPU.ActiveCfg = Release|Any CPU
		{60D4A169-8847-438B-B008-F188354CB922}.Release|Any CPU.Build.0 = Release|Any CPU
		{60D4A169-8847-438B-B008-F188354CB922}.SingleImage|Any CPU.ActiveCfg = Release|Any CPU
		{60D4A169-8847-438B-B008-F188354CB922}.SingleImage|Any CPU.Build.0 = Release|Any CPU
		{8B76897B-68C7-4BFB-8109-A080246EC501}.CD_ROM|Any CPU.ActiveCfg = Release|Any CPU
		{8B76897B-68C7-4BFB-8109-A080246EC501}.CD_ROM|Any CPU.Build.0 = Release|Any CPU
		{8B76897B-68C7-4BFB-8109-A080246EC501}.Debug|Any CPU.ActiveCfg = Debug|Any CPU
		{8B76897B-68C7-4BFB-8109-A080246EC501}.Debug|Any CPU.Build.0 = Debug|Any CPU
		{8B76897B-68C7-4BFB-8109-A080246EC501}.DVD-5|Any CPU.ActiveCfg = Debug|Any CPU
		{8B76897B-68C7-4BFB-8109-A080246EC501}.DVD-5|Any CPU.Build.0 = Debug|Any CPU
		{8B76897B-68C7-4BFB-8109-A080246EC501}.Release|Any CPU.ActiveCfg = Release|Any CPU
		{8B76897B-68C7-4BFB-8109-A080246EC501}.Release|Any CPU.Build.0 = Release|Any CPU
		{8B76897B-68C7-4BFB-8109-A080246EC501}.SingleImage|Any CPU.ActiveCfg = Release|Any CPU
		{8B76897B-68C7-4BFB-8109-A080246EC501}.SingleImage|Any CPU.Build.0 = Release|Any CPU
		{6B26D322-C134-48D0-A214-4F29B067FDA7}.CD_ROM|Any CPU.ActiveCfg = Release|Any CPU
		{6B26D322-C134-48D0-A214-4F29B067FDA7}.CD_ROM|Any CPU.Build.0 = Release|Any CPU
		{6B26D322-C134-48D0-A214-4F29B067FDA7}.Debug|Any CPU.ActiveCfg = Debug|Any CPU
		{6B26D322-C134-48D0-A214-4F29B067FDA7}.Debug|Any CPU.Build.0 = Debug|Any CPU
		{6B26D322-C134-48D0-A214-4F29B067FDA7}.DVD-5|Any CPU.ActiveCfg = Debug|Any CPU
		{6B26D322-C134-48D0-A214-4F29B067FDA7}.DVD-5|Any CPU.Build.0 = Debug|Any CPU
		{6B26D322-C134-48D0-A214-4F29B067FDA7}.Release|Any CPU.ActiveCfg = Release|Any CPU
		{6B26D322-C134-48D0-A214-4F29B067FDA7}.Release|Any CPU.Build.0 = Release|Any CPU
		{6B26D322-C134-48D0-A214-4F29B067FDA7}.SingleImage|Any CPU.ActiveCfg = Release|Any CPU
		{6B26D322-C134-48D0-A214-4F29B067FDA7}.SingleImage|Any CPU.Build.0 = Release|Any CPU
		{7C73E652-890C-4E55-A55E-C4F4F4E9B253}.CD_ROM|Any CPU.ActiveCfg = Release|Any CPU
		{7C73E652-890C-4E55-A55E-C4F4F4E9B253}.CD_ROM|Any CPU.Build.0 = Release|Any CPU
		{7C73E652-890C-4E55-A55E-C4F4F4E9B253}.Debug|Any CPU.ActiveCfg = Debug|Any CPU
		{7C73E652-890C-4E55-A55E-C4F4F4E9B253}.Debug|Any CPU.Build.0 = Debug|Any CPU
		{7C73E652-890C-4E55-A55E-C4F4F4E9B253}.DVD-5|Any CPU.ActiveCfg = Debug|Any CPU
		{7C73E652-890C-4E55-A55E-C4F4F4E9B253}.DVD-5|Any CPU.Build.0 = Debug|Any CPU
		{7C73E652-890C-4E55-A55E-C4F4F4E9B253}.Release|Any CPU.ActiveCfg = Release|Any CPU
		{7C73E652-890C-4E55-A55E-C4F4F4E9B253}.Release|Any CPU.Build.0 = Release|Any CPU
		{7C73E652-890C-4E55-A55E-C4F4F4E9B253}.SingleImage|Any CPU.ActiveCfg = Release|Any CPU
		{7C73E652-890C-4E55-A55E-C4F4F4E9B253}.SingleImage|Any CPU.Build.0 = Release|Any CPU
		{3A33B003-AD56-4DDF-A04E-594B7021338E}.CD_ROM|Any CPU.ActiveCfg = Release|Any CPU
		{3A33B003-AD56-4DDF-A04E-594B7021338E}.CD_ROM|Any CPU.Build.0 = Release|Any CPU
		{3A33B003-AD56-4DDF-A04E-594B7021338E}.Debug|Any CPU.ActiveCfg = Debug|Any CPU
		{3A33B003-AD56-4DDF-A04E-594B7021338E}.Debug|Any CPU.Build.0 = Debug|Any CPU
		{3A33B003-AD56-4DDF-A04E-594B7021338E}.DVD-5|Any CPU.ActiveCfg = Debug|Any CPU
		{3A33B003-AD56-4DDF-A04E-594B7021338E}.DVD-5|Any CPU.Build.0 = Debug|Any CPU
		{3A33B003-AD56-4DDF-A04E-594B7021338E}.Release|Any CPU.ActiveCfg = Release|Any CPU
		{3A33B003-AD56-4DDF-A04E-594B7021338E}.Release|Any CPU.Build.0 = Release|Any CPU
		{3A33B003-AD56-4DDF-A04E-594B7021338E}.SingleImage|Any CPU.ActiveCfg = Release|Any CPU
		{3A33B003-AD56-4DDF-A04E-594B7021338E}.SingleImage|Any CPU.Build.0 = Release|Any CPU
		{A9590B7E-1F18-4DD6-A9E6-9B5E56C6E8BB}.CD_ROM|Any CPU.ActiveCfg = Release|Any CPU
		{A9590B7E-1F18-4DD6-A9E6-9B5E56C6E8BB}.CD_ROM|Any CPU.Build.0 = Release|Any CPU
		{A9590B7E-1F18-4DD6-A9E6-9B5E56C6E8BB}.Debug|Any CPU.ActiveCfg = Debug|Any CPU
		{A9590B7E-1F18-4DD6-A9E6-9B5E56C6E8BB}.Debug|Any CPU.Build.0 = Debug|Any CPU
		{A9590B7E-1F18-4DD6-A9E6-9B5E56C6E8BB}.DVD-5|Any CPU.ActiveCfg = Debug|Any CPU
		{A9590B7E-1F18-4DD6-A9E6-9B5E56C6E8BB}.DVD-5|Any CPU.Build.0 = Debug|Any CPU
		{A9590B7E-1F18-4DD6-A9E6-9B5E56C6E8BB}.Release|Any CPU.ActiveCfg = Release|Any CPU
		{A9590B7E-1F18-4DD6-A9E6-9B5E56C6E8BB}.Release|Any CPU.Build.0 = Release|Any CPU
		{A9590B7E-1F18-4DD6-A9E6-9B5E56C6E8BB}.SingleImage|Any CPU.ActiveCfg = Release|Any CPU
		{A9590B7E-1F18-4DD6-A9E6-9B5E56C6E8BB}.SingleImage|Any CPU.Build.0 = Release|Any CPU
		{5CBB9DF6-E2C4-4703-8707-2628AC3B5726}.CD_ROM|Any CPU.ActiveCfg = Release|Any CPU
		{5CBB9DF6-E2C4-4703-8707-2628AC3B5726}.CD_ROM|Any CPU.Build.0 = Release|Any CPU
		{5CBB9DF6-E2C4-4703-8707-2628AC3B5726}.Debug|Any CPU.ActiveCfg = Debug|Any CPU
		{5CBB9DF6-E2C4-4703-8707-2628AC3B5726}.Debug|Any CPU.Build.0 = Debug|Any CPU
		{5CBB9DF6-E2C4-4703-8707-2628AC3B5726}.DVD-5|Any CPU.ActiveCfg = Debug|Any CPU
		{5CBB9DF6-E2C4-4703-8707-2628AC3B5726}.DVD-5|Any CPU.Build.0 = Debug|Any CPU
		{5CBB9DF6-E2C4-4703-8707-2628AC3B5726}.Release|Any CPU.ActiveCfg = Release|Any CPU
		{5CBB9DF6-E2C4-4703-8707-2628AC3B5726}.Release|Any CPU.Build.0 = Release|Any CPU
		{5CBB9DF6-E2C4-4703-8707-2628AC3B5726}.SingleImage|Any CPU.ActiveCfg = Release|Any CPU
		{5CBB9DF6-E2C4-4703-8707-2628AC3B5726}.SingleImage|Any CPU.Build.0 = Release|Any CPU
		{7F51F2AC-0906-4362-9E70-243C15B6D2AA}.CD_ROM|Any CPU.ActiveCfg = Release|Any CPU
		{7F51F2AC-0906-4362-9E70-243C15B6D2AA}.CD_ROM|Any CPU.Build.0 = Release|Any CPU
		{7F51F2AC-0906-4362-9E70-243C15B6D2AA}.Debug|Any CPU.ActiveCfg = Debug|Any CPU
		{7F51F2AC-0906-4362-9E70-243C15B6D2AA}.Debug|Any CPU.Build.0 = Debug|Any CPU
		{7F51F2AC-0906-4362-9E70-243C15B6D2AA}.DVD-5|Any CPU.ActiveCfg = Debug|Any CPU
		{7F51F2AC-0906-4362-9E70-243C15B6D2AA}.DVD-5|Any CPU.Build.0 = Debug|Any CPU
		{7F51F2AC-0906-4362-9E70-243C15B6D2AA}.Release|Any CPU.ActiveCfg = Release|Any CPU
		{7F51F2AC-0906-4362-9E70-243C15B6D2AA}.Release|Any CPU.Build.0 = Release|Any CPU
		{7F51F2AC-0906-4362-9E70-243C15B6D2AA}.SingleImage|Any CPU.ActiveCfg = Release|Any CPU
		{7F51F2AC-0906-4362-9E70-243C15B6D2AA}.SingleImage|Any CPU.Build.0 = Release|Any CPU
	EndGlobalSection
	GlobalSection(SolutionProperties) = preSolution
		HideSolutionNode = FALSE
	EndGlobalSection
	GlobalSection(NestedProjects) = preSolution
		{75998EFB-2C47-4036-BF26-55AA0140A448} = {F15BDE61-B693-4235-A2C3-772917419B7E}
		{538B01B6-3A87-434F-87B9-4951C28BFE9C} = {FA6804B1-640F-46D8-9ADF-3B946427F26C}
		{9C32CDD2-05CB-40DA-A4F7-2A22AECC45CB} = {ADA3C46D-D65F-4C7F-A5F8-E88C0B310FCD}
		{99C2E125-D3E2-4B46-8C0E-FEA2EFD959BD} = {DEA4BF49-EF5F-4225-903D-4B1241BEE1D0}
		{7F87B015-7B43-4C6D-95CE-779750A1337C} = {E26D85A0-4AE8-4866-8BE8-930C104E263F}
		{95F1F730-FEDC-4524-93FA-911320298C4D} = {146CFB72-459D-4596-8951-7FA1E5697533}
		{A0718067-FE5A-4298-B2A2-02207FFE619D} = {FA6804B1-640F-46D8-9ADF-3B946427F26C}
		{F389A044-0668-4F2E-8883-DB1014A61552} = {43FE6696-67F1-4D3B-B390-F57BCC5293E0}
		{1CA8E84D-F5F7-4455-BA40-B43A6528D780} = {6558314C-45F6-4CB0-A40E-DB013A2E9184}
		{DAA1F017-A112-4068-A816-6A4B1DBEC8B7} = {F10EBDDC-44D4-4D2B-8B88-A85F044A3691}
		{477971AE-47EC-4799-BF68-E89BDB713319} = {9B070BAE-42AD-4F6D-8E95-8C17941FC51F}
		{20A30B09-D535-43C2-BE88-14AD4F1B5A4B} = {30719D18-E9B8-4883-8256-7B99B092775B}
		{9B5E69CE-44F9-429E-B127-B8CB2EEA7CA7} = {986C34EB-A1A1-4D9E-AAE9-BE97EF94B826}
		{3076B9F8-83F2-4011-A8F3-86EB78742CB4} = {630CFF4A-EDD4-4CD8-A518-E1EE7737A58B}
		{6B03D20D-DCA7-4D36-ADE6-5B98F89640D6} = {FE767CED-FBF6-4F33-AC2F-6B3FA9F68BFB}
		{693F5964-8D9C-4090-8707-38A6012BA4C3} = {26F8139A-D62A-4425-B9C9-D81CEE8AFC3B}
		{6558314C-45F6-4CB0-A40E-DB013A2E9184} = {ED084F0C-389E-46A7-AFAB-7ED3E73532C8}
		{43E6B56A-7D08-4709-9A37-F5D2ACB127D9} = {DEA4BF49-EF5F-4225-903D-4B1241BEE1D0}
		{26E003C6-8226-4FBC-ABFD-B7BF393CE55D} = {146CFB72-459D-4596-8951-7FA1E5697533}
		{B0CF1BC9-3349-4B76-80AB-279654F84ECE} = {0E0F1553-1B39-413E-8B92-9D8C29F41D41}
		{BE3FDB5A-4214-4EAE-82D7-E03802BA6E0D} = {26E003C6-8226-4FBC-ABFD-B7BF393CE55D}
		{0E0F1553-1B39-413E-8B92-9D8C29F41D41} = {26E003C6-8226-4FBC-ABFD-B7BF393CE55D}
		{F8E7B4EF-A6B6-4C07-B914-A6659427FB8E} = {26E003C6-8226-4FBC-ABFD-B7BF393CE55D}
		{7DEEAD35-67A1-45ED-87DB-FC6E7EDE2495} = {F8E7B4EF-A6B6-4C07-B914-A6659427FB8E}
		{44D42A9C-8C45-464E-958A-4827541811B3} = {30719D18-E9B8-4883-8256-7B99B092775B}
		{60D4A169-8847-438B-B008-F188354CB922} = {30719D18-E9B8-4883-8256-7B99B092775B}
		{8B76897B-68C7-4BFB-8109-A080246EC501} = {43FE6696-67F1-4D3B-B390-F57BCC5293E0}
		{30719D18-E9B8-4883-8256-7B99B092775B} = {49B6A7AB-3EF7-42A7-A9A3-387359D8CFA4}
		{F10EBDDC-44D4-4D2B-8B88-A85F044A3691} = {49B6A7AB-3EF7-42A7-A9A3-387359D8CFA4}
		{ADA3C46D-D65F-4C7F-A5F8-E88C0B310FCD} = {49B6A7AB-3EF7-42A7-A9A3-387359D8CFA4}
		{E26D85A0-4AE8-4866-8BE8-930C104E263F} = {49B6A7AB-3EF7-42A7-A9A3-387359D8CFA4}
		{F15BDE61-B693-4235-A2C3-772917419B7E} = {ED084F0C-389E-46A7-AFAB-7ED3E73532C8}
		{43FE6696-67F1-4D3B-B390-F57BCC5293E0} = {ED084F0C-389E-46A7-AFAB-7ED3E73532C8}
		{DEA4BF49-EF5F-4225-903D-4B1241BEE1D0} = {ED084F0C-389E-46A7-AFAB-7ED3E73532C8}
		{630CFF4A-EDD4-4CD8-A518-E1EE7737A58B} = {ED084F0C-389E-46A7-AFAB-7ED3E73532C8}
		{FE767CED-FBF6-4F33-AC2F-6B3FA9F68BFB} = {ED084F0C-389E-46A7-AFAB-7ED3E73532C8}
		{26F8139A-D62A-4425-B9C9-D81CEE8AFC3B} = {ED084F0C-389E-46A7-AFAB-7ED3E73532C8}
		{986C34EB-A1A1-4D9E-AAE9-BE97EF94B826} = {ED084F0C-389E-46A7-AFAB-7ED3E73532C8}
		{6B26D322-C134-48D0-A214-4F29B067FDA7} = {6558314C-45F6-4CB0-A40E-DB013A2E9184}
		{7C73E652-890C-4E55-A55E-C4F4F4E9B253} = {630CFF4A-EDD4-4CD8-A518-E1EE7737A58B}
		{3A33B003-AD56-4DDF-A04E-594B7021338E} = {F15BDE61-B693-4235-A2C3-772917419B7E}
		{45932ECB-F1F5-4F7B-ACB0-4B13B799BA95} = {49B6A7AB-3EF7-42A7-A9A3-387359D8CFA4}
		{A9590B7E-1F18-4DD6-A9E6-9B5E56C6E8BB} = {45932ECB-F1F5-4F7B-ACB0-4B13B799BA95}
		{0DB81C9D-0DED-49A1-8E54-9A76127BFD79} = {ED084F0C-389E-46A7-AFAB-7ED3E73532C8}
		{7F51F2AC-0906-4362-9E70-243C15B6D2AA} = {0DB81C9D-0DED-49A1-8E54-9A76127BFD79}
	EndGlobalSection
	GlobalSection(ExtensibilityGlobals) = postSolution
		SolutionGuid = {418C0CFC-10EF-45BE-A42C-B77B2459B01B}
	EndGlobalSection
EndGlobal
